
Microsoft Visual Studio Solution File, Format Version 12.00
# Visual Studio 15
VisualStudioVersion = 15.0.28307.168
MinimumVisualStudioVersion = 10.0.40219.1
Project("{FAE04EC0-301F-11D3-BF4B-00C04F79EFBC}") = "CrackingTheCodingInterview", "CrackingTheCodingInterview\CrackingTheCodingInterview.csproj", "{E7926179-FEB5-4E04-B0E1-45A5BF3C9114}"
EndProject
Project("{FAE04EC0-301F-11D3-BF4B-00C04F79EFBC}") = "CrackingTheCodingInterviewTest", "CrackingTheCodingInterviewTest\CrackingTheCodingInterviewTest.csproj", "{CEFB9534-B762-453A-A1A1-DC105E516C59}"
EndProject
Global
	GlobalSection(SolutionConfigurationPlatforms) = preSolution
		Debug|Any CPU = Debug|Any CPU
		Release|Any CPU = Release|Any CPU
	EndGlobalSection
	GlobalSection(ProjectConfigurationPlatforms) = postSolution
		{E7926179-FEB5-4E04-B0E1-45A5BF3C9114}.Debug|Any CPU.ActiveCfg = Debug|Any CPU
		{E7926179-FEB5-4E04-B0E1-45A5BF3C9114}.Debug|Any CPU.Build.0 = Debug|Any CPU
		{E7926179-FEB5-4E04-B0E1-45A5BF3C9114}.Release|Any CPU.ActiveCfg = Release|Any CPU
		{E7926179-FEB5-4E04-B0E1-45A5BF3C9114}.Release|Any CPU.Build.0 = Release|Any CPU
		{CEFB9534-B762-453A-A1A1-DC105E516C59}.Debug|Any CPU.ActiveCfg = Debug|Any CPU
		{CEFB9534-B762-453A-A1A1-DC105E516C59}.Debug|Any CPU.Build.0 = Debug|Any CPU
		{CEFB9534-B762-453A-A1A1-DC105E516C59}.Release|Any CPU.ActiveCfg = Release|Any CPU
		{CEFB9534-B762-453A-A1A1-DC105E516C59}.Release|Any CPU.Build.0 = Release|Any CPU
	EndGlobalSection
	GlobalSection(SolutionProperties) = preSolution
		HideSolutionNode = FALSE
	EndGlobalSection
	GlobalSection(ExtensibilityGlobals) = postSolution
		SolutionGuid = {DC9FEC0A-3662-4BFA-A867-3D2EF2888C5C}
	EndGlobalSection
EndGlobal
